
Microsoft Visual Studio Solution File, Format Version 12.00
# Visual Studio Version 17
VisualStudioVersion = 17.4.33213.308
MinimumVisualStudioVersion = 10.0.40219.1
Project("{FAE04EC0-301F-11D3-BF4B-00C04F79EFBC}") = "ProjectClothingStore", "ProjectClothingStore\ProjectClothingStore.csproj", "{95CD8323-9A1E-4C9D-99EB-F97DF39F1C30}"
EndProject
Global
	GlobalSection(SolutionConfigurationPlatforms) = preSolution
		Debug|Any CPU = Debug|Any CPU
		Release|Any CPU = Release|Any CPU
	EndGlobalSection
	GlobalSection(ProjectConfigurationPlatforms) = postSolution
		{95CD8323-9A1E-4C9D-99EB-F97DF39F1C30}.Debug|Any CPU.ActiveCfg = Debug|Any CPU
		{95CD8323-9A1E-4C9D-99EB-F97DF39F1C30}.Debug|Any CPU.Build.0 = Debug|Any CPU
		{95CD8323-9A1E-4C9D-99EB-F97DF39F1C30}.Release|Any CPU.ActiveCfg = Release|Any CPU
		{95CD8323-9A1E-4C9D-99EB-F97DF39F1C30}.Release|Any CPU.Build.0 = Release|Any CPU
	EndGlobalSection
	GlobalSection(SolutionProperties) = preSolution
		HideSolutionNode = FALSE
	EndGlobalSection
	GlobalSection(ExtensibilityGlobals) = postSolution
		SolutionGuid = {6387D569-CBA8-4D71-852C-2DC622B4672E}
	EndGlobalSection
EndGlobal
